
Microsoft Visual Studio Solution File, Format Version 12.00
# Visual Studio Version 17
VisualStudioVersion = 17.9.34622.214
MinimumVisualStudioVersion = 10.0.40219.1
Project("{FAE04EC0-301F-11D3-BF4B-00C04F79EFBC}") = "DataAccess", "DataAccess\DataAccess.csproj", "{C2CB02BE-9340-492D-B2A5-6A7D2BC4B170}"
EndProject
Project("{FAE04EC0-301F-11D3-BF4B-00C04F79EFBC}") = "BussinessLogic", "BussinessLogic\BussinessLogic.csproj", "{92145E18-48C3-4DD4-B66E-48D223D43B59}"
EndProject
Project("{FAE04EC0-301F-11D3-BF4B-00C04F79EFBC}") = "CA_18_04_ODEV1", "CA_18_04_ODEV1\CA_18_04_ODEV1.csproj", "{05F18DDA-2157-418F-8CB9-934F6184B372}"
EndProject
Global
	GlobalSection(SolutionConfigurationPlatforms) = preSolution
		Debug|Any CPU = Debug|Any CPU
		Release|Any CPU = Release|Any CPU
	EndGlobalSection
	GlobalSection(ProjectConfigurationPlatforms) = postSolution
		{C2CB02BE-9340-492D-B2A5-6A7D2BC4B170}.Debug|Any CPU.ActiveCfg = Debug|Any CPU
		{C2CB02BE-9340-492D-B2A5-6A7D2BC4B170}.Debug|Any CPU.Build.0 = Debug|Any CPU
		{C2CB02BE-9340-492D-B2A5-6A7D2BC4B170}.Release|Any CPU.ActiveCfg = Release|Any CPU
		{C2CB02BE-9340-492D-B2A5-6A7D2BC4B170}.Release|Any CPU.Build.0 = Release|Any CPU
		{92145E18-48C3-4DD4-B66E-48D223D43B59}.Debug|Any CPU.ActiveCfg = Debug|Any CPU
		{92145E18-48C3-4DD4-B66E-48D223D43B59}.Debug|Any CPU.Build.0 = Debug|Any CPU
		{92145E18-48C3-4DD4-B66E-48D223D43B59}.Release|Any CPU.ActiveCfg = Release|Any CPU
		{92145E18-48C3-4DD4-B66E-48D223D43B59}.Release|Any CPU.Build.0 = Release|Any CPU
		{05F18DDA-2157-418F-8CB9-934F6184B372}.Debug|Any CPU.ActiveCfg = Debug|Any CPU
		{05F18DDA-2157-418F-8CB9-934F6184B372}.Debug|Any CPU.Build.0 = Debug|Any CPU
		{05F18DDA-2157-418F-8CB9-934F6184B372}.Release|Any CPU.ActiveCfg = Release|Any CPU
		{05F18DDA-2157-418F-8CB9-934F6184B372}.Release|Any CPU.Build.0 = Release|Any CPU
	EndGlobalSection
	GlobalSection(SolutionProperties) = preSolution
		HideSolutionNode = FALSE
	EndGlobalSection
	GlobalSection(ExtensibilityGlobals) = postSolution
		SolutionGuid = {9E7D1F20-1B32-4EC0-98CF-0049B68298EC}
	EndGlobalSection
EndGlobal
